
Microsoft Visual Studio Solution File, Format Version 12.00
# Visual Studio Version 16
VisualStudioVersion = 16.0.28809.33
MinimumVisualStudioVersion = 10.0.40219.1
Project("{FAE04EC0-301F-11D3-BF4B-00C04F79EFBC}") = "Task", "Task\Task.csproj", "{162A2769-CCB1-4B51-AFDA-2B4029E98418}"
EndProject
Global
	GlobalSection(SolutionConfigurationPlatforms) = preSolution
		Debug|Any CPU = Debug|Any CPU
		Release|Any CPU = Release|Any CPU
	EndGlobalSection
	GlobalSection(ProjectConfigurationPlatforms) = postSolution
		{162A2769-CCB1-4B51-AFDA-2B4029E98418}.Debug|Any CPU.ActiveCfg = Debug|Any CPU
		{162A2769-CCB1-4B51-AFDA-2B4029E98418}.Debug|Any CPU.Build.0 = Debug|Any CPU
		{162A2769-CCB1-4B51-AFDA-2B4029E98418}.Release|Any CPU.ActiveCfg = Release|Any CPU
		{162A2769-CCB1-4B51-AFDA-2B4029E98418}.Release|Any CPU.Build.0 = Release|Any CPU
	EndGlobalSection
	GlobalSection(SolutionProperties) = preSolution
		HideSolutionNode = FALSE
	EndGlobalSection
	GlobalSection(ExtensibilityGlobals) = postSolution
		SolutionGuid = {B5C1FFC7-1908-4299-B8A6-2F9B309F693B}
	EndGlobalSection
EndGlobal
